
Microsoft Visual Studio Solution File, Format Version 12.00
# Visual Studio Version 16
VisualStudioVersion = 16.0.29613.14
MinimumVisualStudioVersion = 10.0.40219.1
Project("{FAE04EC0-301F-11D3-BF4B-00C04F79EFBC}") = "CacheApi", "..\CacheApi\CacheApi.csproj", "{2E003178-6B51-4770-9968-4E361C4BBDA2}"
EndProject
Project("{FAE04EC0-301F-11D3-BF4B-00C04F79EFBC}") = "Core", "..\Core\Core\Core.csproj", "{D98968DC-018C-4C8D-A9BD-DADD27AEEFE6}"
EndProject
Global
	GlobalSection(SolutionConfigurationPlatforms) = preSolution
		Debug|Any CPU = Debug|Any CPU
		Release|Any CPU = Release|Any CPU
	EndGlobalSection
	GlobalSection(ProjectConfigurationPlatforms) = postSolution
		{2E003178-6B51-4770-9968-4E361C4BBDA2}.Debug|Any CPU.ActiveCfg = Debug|Any CPU
		{2E003178-6B51-4770-9968-4E361C4BBDA2}.Debug|Any CPU.Build.0 = Debug|Any CPU
		{2E003178-6B51-4770-9968-4E361C4BBDA2}.Release|Any CPU.ActiveCfg = Release|Any CPU
		{2E003178-6B51-4770-9968-4E361C4BBDA2}.Release|Any CPU.Build.0 = Release|Any CPU
		{D98968DC-018C-4C8D-A9BD-DADD27AEEFE6}.Debug|Any CPU.ActiveCfg = Debug|Any CPU
		{D98968DC-018C-4C8D-A9BD-DADD27AEEFE6}.Debug|Any CPU.Build.0 = Debug|Any CPU
		{D98968DC-018C-4C8D-A9BD-DADD27AEEFE6}.Release|Any CPU.ActiveCfg = Release|Any CPU
		{D98968DC-018C-4C8D-A9BD-DADD27AEEFE6}.Release|Any CPU.Build.0 = Release|Any CPU
	EndGlobalSection
	GlobalSection(SolutionProperties) = preSolution
		HideSolutionNode = FALSE
	EndGlobalSection
	GlobalSection(ExtensibilityGlobals) = postSolution
		SolutionGuid = {A43DB469-C361-4632-9559-A15E961E3C75}
	EndGlobalSection
EndGlobal
